
Microsoft Visual Studio Solution File, Format Version 12.00
# Visual Studio 2012
Project("{FAE04EC0-301F-11D3-BF4B-00C04F79EFBC}") = "CreateCalendarEntry", "CreateCalendarEntry\CreateCalendarEntry.csproj", "{084D82FE-3010-4770-A632-5FBCBE022912}"
EndProject
Project("{FAE04EC0-301F-11D3-BF4B-00C04F79EFBC}") = "CreateCalendarEntry.iOS", "iOS\CreateCalendarEntry.iOS.csproj", "{3CFCB698-41DB-4C8E-AF97-ADF48A319C18}"
EndProject
Project("{FAE04EC0-301F-11D3-BF4B-00C04F79EFBC}") = "CreateCalendarEntry.Droid", "Droid\CreateCalendarEntry.Droid.csproj", "{54D3B9DC-8FC5-45D4-967A-3679B4E44928}"
EndProject
Global
	GlobalSection(SolutionConfigurationPlatforms) = preSolution
		Debug|Any CPU = Debug|Any CPU
		Release|Any CPU = Release|Any CPU
		Debug|iPhoneSimulator = Debug|iPhoneSimulator
		Release|iPhoneSimulator = Release|iPhoneSimulator
		Debug|iPhone = Debug|iPhone
		Release|iPhone = Release|iPhone
		Ad-Hoc|iPhone = Ad-Hoc|iPhone
		AppStore|iPhone = AppStore|iPhone
	EndGlobalSection
	GlobalSection(ProjectConfigurationPlatforms) = postSolution
		{084D82FE-3010-4770-A632-5FBCBE022912}.Ad-Hoc|iPhone.ActiveCfg = Debug|Any CPU
		{084D82FE-3010-4770-A632-5FBCBE022912}.Ad-Hoc|iPhone.Build.0 = Debug|Any CPU
		{084D82FE-3010-4770-A632-5FBCBE022912}.AppStore|iPhone.ActiveCfg = Debug|Any CPU
		{084D82FE-3010-4770-A632-5FBCBE022912}.AppStore|iPhone.Build.0 = Debug|Any CPU
		{084D82FE-3010-4770-A632-5FBCBE022912}.Debug|Any CPU.ActiveCfg = Debug|Any CPU
		{084D82FE-3010-4770-A632-5FBCBE022912}.Debug|Any CPU.Build.0 = Debug|Any CPU
		{084D82FE-3010-4770-A632-5FBCBE022912}.Debug|iPhone.ActiveCfg = Debug|Any CPU
		{084D82FE-3010-4770-A632-5FBCBE022912}.Debug|iPhone.Build.0 = Debug|Any CPU
		{084D82FE-3010-4770-A632-5FBCBE022912}.Debug|iPhoneSimulator.ActiveCfg = Debug|Any CPU
		{084D82FE-3010-4770-A632-5FBCBE022912}.Debug|iPhoneSimulator.Build.0 = Debug|Any CPU
		{084D82FE-3010-4770-A632-5FBCBE022912}.Release|Any CPU.ActiveCfg = Release|Any CPU
		{084D82FE-3010-4770-A632-5FBCBE022912}.Release|Any CPU.Build.0 = Release|Any CPU
		{084D82FE-3010-4770-A632-5FBCBE022912}.Release|iPhone.ActiveCfg = Release|Any CPU
		{084D82FE-3010-4770-A632-5FBCBE022912}.Release|iPhone.Build.0 = Release|Any CPU
		{084D82FE-3010-4770-A632-5FBCBE022912}.Release|iPhoneSimulator.ActiveCfg = Release|Any CPU
		{084D82FE-3010-4770-A632-5FBCBE022912}.Release|iPhoneSimulator.Build.0 = Release|Any CPU
		{3CFCB698-41DB-4C8E-AF97-ADF48A319C18}.Ad-Hoc|iPhone.ActiveCfg = Ad-Hoc|iPhone
		{3CFCB698-41DB-4C8E-AF97-ADF48A319C18}.Ad-Hoc|iPhone.Build.0 = Ad-Hoc|iPhone
		{3CFCB698-41DB-4C8E-AF97-ADF48A319C18}.AppStore|iPhone.ActiveCfg = AppStore|iPhone
		{3CFCB698-41DB-4C8E-AF97-ADF48A319C18}.AppStore|iPhone.Build.0 = AppStore|iPhone
		{3CFCB698-41DB-4C8E-AF97-ADF48A319C18}.Debug|Any CPU.ActiveCfg = Debug|iPhoneSimulator
		{3CFCB698-41DB-4C8E-AF97-ADF48A319C18}.Debug|Any CPU.Build.0 = Debug|iPhoneSimulator
		{3CFCB698-41DB-4C8E-AF97-ADF48A319C18}.Debug|iPhone.ActiveCfg = Debug|iPhone
		{3CFCB698-41DB-4C8E-AF97-ADF48A319C18}.Debug|iPhone.Build.0 = Debug|iPhone
		{3CFCB698-41DB-4C8E-AF97-ADF48A319C18}.Debug|iPhoneSimulator.ActiveCfg = Debug|iPhoneSimulator
		{3CFCB698-41DB-4C8E-AF97-ADF48A319C18}.Debug|iPhoneSimulator.Build.0 = Debug|iPhoneSimulator
		{3CFCB698-41DB-4C8E-AF97-ADF48A319C18}.Release|Any CPU.ActiveCfg = Release|iPhoneSimulator
		{3CFCB698-41DB-4C8E-AF97-ADF48A319C18}.Release|Any CPU.Build.0 = Release|iPhoneSimulator
		{3CFCB698-41DB-4C8E-AF97-ADF48A319C18}.Release|iPhone.ActiveCfg = Release|iPhone
		{3CFCB698-41DB-4C8E-AF97-ADF48A319C18}.Release|iPhone.Build.0 = Release|iPhone
		{3CFCB698-41DB-4C8E-AF97-ADF48A319C18}.Release|iPhoneSimulator.ActiveCfg = Release|iPhoneSimulator
		{3CFCB698-41DB-4C8E-AF97-ADF48A319C18}.Release|iPhoneSimulator.Build.0 = Release|iPhoneSimulator
		{54D3B9DC-8FC5-45D4-967A-3679B4E44928}.Ad-Hoc|iPhone.ActiveCfg = Release|Any CPU
		{54D3B9DC-8FC5-45D4-967A-3679B4E44928}.Ad-Hoc|iPhone.Build.0 = Release|Any CPU
		{54D3B9DC-8FC5-45D4-967A-3679B4E44928}.AppStore|iPhone.ActiveCfg = Release|Any CPU
		{54D3B9DC-8FC5-45D4-967A-3679B4E44928}.AppStore|iPhone.Build.0 = Release|Any CPU
		{54D3B9DC-8FC5-45D4-967A-3679B4E44928}.Debug|Any CPU.ActiveCfg = Debug|Any CPU
		{54D3B9DC-8FC5-45D4-967A-3679B4E44928}.Debug|Any CPU.Build.0 = Debug|Any CPU
		{54D3B9DC-8FC5-45D4-967A-3679B4E44928}.Debug|iPhone.ActiveCfg = Debug|Any CPU
		{54D3B9DC-8FC5-45D4-967A-3679B4E44928}.Debug|iPhone.Build.0 = Debug|Any CPU
		{54D3B9DC-8FC5-45D4-967A-3679B4E44928}.Debug|iPhoneSimulator.ActiveCfg = Debug|Any CPU
		{54D3B9DC-8FC5-45D4-967A-3679B4E44928}.Debug|iPhoneSimulator.Build.0 = Debug|Any CPU
		{54D3B9DC-8FC5-45D4-967A-3679B4E44928}.Release|Any CPU.ActiveCfg = Release|Any CPU
		{54D3B9DC-8FC5-45D4-967A-3679B4E44928}.Release|Any CPU.Build.0 = Release|Any CPU
		{54D3B9DC-8FC5-45D4-967A-3679B4E44928}.Release|iPhone.ActiveCfg = Release|Any CPU
		{54D3B9DC-8FC5-45D4-967A-3679B4E44928}.Release|iPhone.Build.0 = Release|Any CPU
		{54D3B9DC-8FC5-45D4-967A-3679B4E44928}.Release|iPhoneSimulator.ActiveCfg = Release|Any CPU
		{54D3B9DC-8FC5-45D4-967A-3679B4E44928}.Release|iPhoneSimulator.Build.0 = Release|Any CPU
	EndGlobalSection
EndGlobal
